{
    "_meta": {
        "hash": {
            "sha256": "d58a63f4e6113a4323b6706dc002cb53a76f14bad6b993fcddcb6e57d2a59c11"
        },
        "pipfile-spec": 6,
        "requires": {
            "python_version": "3.7"
        },
        "sources": [
            {
                "name": "pypi",
                "url": "https://pypi.org/simple",
                "verify_ssl": true
            }
        ]
    },
    "default": {
        "certifi": {
            "hashes": [
                "sha256:017c25db2a153ce562900032d5bc68e9f191e44e9a0f762f373977de9df1fbb3",
                "sha256:25b64c7da4cd7479594d035c08c2d809eb4aab3a26e5a990ea98cc450c320f1f"
            ],
            "version": "==2019.11.28"
        },
        "chardet": {
            "hashes": [
                "sha256:84ab92ed1c4d4f16916e05906b6b75a6c0fb5db821cc65e70cbd64a3e2a5eaae",
                "sha256:fc323ffcaeaed0e0a02bf4d117757b98aed530d9ed4531e3e15460124c106691"
            ],
            "version": "==3.0.4"
        },
        "click": {
            "hashes": [
                "sha256:8a18b4ea89d8820c5d0c7da8a64b2c324b4dabb695804dbfea19b9be9d88c0cc",
                "sha256:e345d143d80bf5ee7534056164e5e112ea5e22716bbb1ce727941f4c8b471b9a"
            ],
            "version": "==7.1.1"
        },
        "environs": {
            "hashes": [
                "sha256:534191fc32cc0c8142be8648a3c6b3f0eab1592e99a26be44e476970c12129f6",
                "sha256:7dc84645d544d72d357fbd29b3e1bb1650931a7949b7353d46a9e823a6dffafc"
            ],
            "index": "pypi",
            "version": "==6.1.0"
        },
        "flask": {
            "hashes": [
                "sha256:13f9f196f330c7c2c5d7a5cf91af894110ca0215ac051b5844701f2bfd934d52",
                "sha256:45eb5a6fd193d6cf7e0cf5d8a5b31f83d5faae0293695626f539a823e93b13f6"
            ],
            "index": "pypi",
            "version": "==1.1.1"
        },
        "hvac": {
            "hashes": [
                "sha256:2ec86d94ea2f12d7fd4bbf53b728928e942a984e1b43dca5ce3ac43169010768",
                "sha256:e037083c45ad926c7b3a16bc322b65eafc6bb8369a3aa650c73cd79d821545b8"
            ],
            "index": "pypi",
            "version": "==0.10.0"
        },
        "idna": {
            "hashes": [
                "sha256:7588d1c14ae4c77d74036e8c22ff447b26d0fde8f007354fd48a7814db15b7cb",
                "sha256:a068a21ceac8a4d63dbfd964670474107f541babbd2250d61922f029858365fa"
            ],
            "version": "==2.9"
        },
        "itsdangerous": {
            "hashes": [
                "sha256:321b033d07f2a4136d3ec762eac9f16a10ccd60f53c0c91af90217ace7ba1f19",
                "sha256:b12271b2047cb23eeb98c8b5622e2e5c5e9abd9784a153e9d8ef9cb4dd09d749"
            ],
            "version": "==1.1.0"
        },
        "jinja2": {
            "hashes": [
                "sha256:93187ffbc7808079673ef52771baa950426fd664d3aad1d0fa3e95644360e250",
                "sha256:b0eaf100007721b5c16c1fc1eecb87409464edc10469ddc9a22a27a99123be49"
            ],
            "version": "==2.11.1"
        },
        "markupsafe": {
            "hashes": [
                "sha256:00bc623926325b26bb9605ae9eae8a215691f33cae5df11ca5424f06f2d1f473",
                "sha256:09027a7803a62ca78792ad89403b1b7a73a01c8cb65909cd876f7fcebd79b161",
                "sha256:09c4b7f37d6c648cb13f9230d847adf22f8171b1ccc4d5682398e77f40309235",
                "sha256:1027c282dad077d0bae18be6794e6b6b8c91d58ed8a8d89a89d59693b9131db5",
                "sha256:13d3144e1e340870b25e7b10b98d779608c02016d5184cfb9927a9f10c689f42",
                "sha256:24982cc2533820871eba85ba648cd53d8623687ff11cbb805be4ff7b4c971aff",
                "sha256:29872e92839765e546828bb7754a68c418d927cd064fd4708fab9fe9c8bb116b",
                "sha256:43a55c2930bbc139570ac2452adf3d70cdbb3cfe5912c71cdce1c2c6bbd9c5d1",
                "sha256:46c99d2de99945ec5cb54f23c8cd5689f6d7177305ebff350a58ce5f8de1669e",
                "sha256:500d4957e52ddc3351cabf489e79c91c17f6e0899158447047588650b5e69183",
                "sha256:535f6fc4d397c1563d08b88e485c3496cf5784e927af890fb3c3aac7f933ec66",
                "sha256:596510de112c685489095da617b5bcbbac7dd6384aeebeda4df6025d0256a81b",
                "sha256:62fe6c95e3ec8a7fad637b7f3d372c15ec1caa01ab47926cfdf7a75b40e0eac1",
                "sha256:6788b695d50a51edb699cb55e35487e430fa21f1ed838122d722e0ff0ac5ba15",
                "sha256:6dd73240d2af64df90aa7c4e7481e23825ea70af4b4922f8ede5b9e35f78a3b1",
                "sha256:717ba8fe3ae9cc0006d7c451f0bb265ee07739daf76355d06366154ee68d221e",
                "sha256:79855e1c5b8da654cf486b830bd42c06e8780cea587384cf6545b7d9ac013a0b",
                "sha256:7c1699dfe0cf8ff607dbdcc1e9b9af1755371f92a68f706051cc8c37d447c905",
                "sha256:88e5fcfb52ee7b911e8bb6d6aa2fd21fbecc674eadd44118a9cc3863f938e735",
                "sha256:8defac2f2ccd6805ebf65f5eeb132adcf2ab57aa11fdf4c0dd5169a004710e7d",
                "sha256:98c7086708b163d425c67c7a91bad6e466bb99d797aa64f965e9d25c12111a5e",
                "sha256:9add70b36c5666a2ed02b43b335fe19002ee5235efd4b8a89bfcf9005bebac0d",
                "sha256:9bf40443012702a1d2070043cb6291650a0841ece432556f784f004937f0f32c",
                "sha256:ade5e387d2ad0d7ebf59146cc00c8044acbd863725f887353a10df825fc8ae21",
                "sha256:b00c1de48212e4cc9603895652c5c410df699856a2853135b3967591e4beebc2",
                "sha256:b1282f8c00509d99fef04d8ba936b156d419be841854fe901d8ae224c59f0be5",
                "sha256:b2051432115498d3562c084a49bba65d97cf251f5a331c64a12ee7e04dacc51b",
                "sha256:ba59edeaa2fc6114428f1637ffff42da1e311e29382d81b339c1817d37ec93c6",
                "sha256:c8716a48d94b06bb3b2524c2b77e055fb313aeb4ea620c8dd03a105574ba704f",
                "sha256:cd5df75523866410809ca100dc9681e301e3c27567cf498077e8551b6d20e42f",
                "sha256:cdb132fc825c38e1aeec2c8aa9338310d29d337bebbd7baa06889d09a60a1fa2",
                "sha256:e249096428b3ae81b08327a63a485ad0878de3fb939049038579ac0ef61e17e7",
                "sha256:e8313f01ba26fbbe36c7be1966a7b7424942f670f38e666995b88d012765b9be"
            ],
            "version": "==1.1.1"
        },
        "marshmallow": {
            "hashes": [
                "sha256:90854221bbb1498d003a0c3cc9d8390259137551917961c8b5258c64026b2f85",
                "sha256:ac2e13b30165501b7d41fc0371b8df35944f5849769d136f20e2c5f6cdc6e665"
            ],
            "version": "==3.5.1"
        },
        "pymongo": {
            "hashes": [
                "sha256:02a22463de0126dce1cd5e66baeca53bc39bb69e3af62586ccec888dd74732c1",
                "sha256:042572b0350410374fc4d9a1e79fc3e9ddf3385cafd6dfe67ebf8c3ffe0f7c02",
                "sha256:063be6441c1d84e1713732dcfc6ed30f36a3269a78e62cdd149fc4029bade628",
                "sha256:522fff015aa9ba987e32b7be4a49aef01ce6340c6c69905206df6c38c9cdc58c",
                "sha256:5528f5b6eb9d9be7ab2d11ba2e653f58584ec737fc4bdb97d82dfba786220cd5",
                "sha256:5ea14b97c07502b08d0eceb7d5fc8a9d1ecee076fce57852543471f43bf0df75",
                "sha256:600778521a533b9534566170fd2d9848b9b0f02be25e6535fa93bc54cf883330",
                "sha256:65fd5dd033d282a38369bc79f6a8192d86629cf40f118a2263f1b4c696d7a5bf",
                "sha256:7a0abe617b207db00b306c5ecb92915e143d7bdcdcd3f07d4f290c5bf74b2560",
                "sha256:84dc554be5985769b7c804b86505bfc6b2c6fe4841e3b6bc3dfbb687c31463dd",
                "sha256:8bcc9e337d43a0c09861f4a2846cbceee68e6cb1ed2798e6a63f814bb1fa6231",
                "sha256:8d15c440e3dc770b2f9459eb753ddf1bcde49076b42426aed10fefc6156b8c97",
                "sha256:90e994cfe5928841960dabdca709e75ab4d0f44b288fd59742113982d96290c4",
                "sha256:9a1da5e52981b803f04e8e0dc63e6cd2a317eb6aa64e9061c4a67378a20dbed5",
                "sha256:9b8744cf8f9fccb18cefa9332db9330e0aff80c7eb7582314cdb91bafcd3eb99",
                "sha256:ab237e1083dc7287fba328b0122b6d72905fa218126cbe30d8a4c65e6bb425ba",
                "sha256:b85fab26ee43e925af6a32a6a7d0847e81101b42460ab58b31862c4458dd0f5a",
                "sha256:c4743ea42038a26dbd177b627e1ca741e0cd41fc9a00a017ad4324c65a0c08fb",
                "sha256:c87778e4545fb1d04219f3b0de2dd1efb38298bd4f427ed68622fd20afde85a1",
                "sha256:df12626598926f93853ea0960ebee9e64290106d019d11bd3a6d20c84dbcf956",
                "sha256:e622a986edc1b5d36efd50f802309e48f7e8baf98eb5687fd5dd0796b72ab3f2",
                "sha256:ee2415cb4e1da299d4beff2ba33a86b70fced89b58e38451d2e03680409067d5",
                "sha256:f2ac6c994f72c247d91d3f910a677815148d85998810ddda23bf446c7a2e9fc7"
            ],
            "index": "pypi",
            "version": "==2.9"
        },
        "python-dotenv": {
            "hashes": [
                "sha256:81822227f771e0cab235a2939f0f265954ac4763cafd806d845801c863bf372f",
                "sha256:92b3123fb2d58a284f76cc92bfe4ee6c502c32ded73e8b051c4f6afc8b6751ed"
            ],
            "version": "==0.12.0"
        },
        "requests": {
            "hashes": [
                "sha256:43999036bfa82904b6af1d99e4882b560e5e2c68e5c4b0aa03b655f3d7d73fee",
                "sha256:b3f43d496c6daba4493e7c431722aeb7dbc6288f52a6e04e7b6023b0247817e6"
            ],
            "index": "pypi",
            "version": "==2.23.0"
        },
        "six": {
            "hashes": [
                "sha256:236bdbdce46e6e6a3d61a337c0f8b763ca1e8717c03b369e87a7ec7ce1319c0a",
                "sha256:8f3cd2e254d8f793e7f3d6d9df77b92252b52637291d0f0da013c76ea2724b6c"
            ],
            "version": "==1.14.0"
        },
        "urllib3": {
            "hashes": [
                "sha256:2f3db8b19923a873b3e5256dc9c2dedfa883e33d87c690d9c7913e1f40673cdc",
                "sha256:87716c2d2a7121198ebcb7ce7cccf6ce5e9ba539041cfbaeecfb641dc0bf6acc"
            ],
            "version": "==1.25.8"
        },
        "werkzeug": {
            "hashes": [
                "sha256:2de2a5db0baeae7b2d2664949077c2ac63fbd16d98da0ff71837f7d1dea3fd43",
                "sha256:6c80b1e5ad3665290ea39320b91e1be1e0d5f60652b964a3070216de83d2e47c"
            ],
            "version": "==1.0.1"
        }
    },
    "develop": {}
}
